github.com/ahmdbnrsl/go-modules v1.0.0 h1:D4ooxX1n5wdlt726AxS560vKNprRDvWNYbcxT3+6B+c=
github.com/ahmdbnrsl/go-modules v1.0.0/go.mod h1:62oCYUgktIbofo3+DRZMeLtsLdaZ6nmHHFxzGE8UtV0=
github.com/ahmdbnrsl/go-modules v1.0.1 h1:JhAuMoaiwH4YOhO1mD5+rY9aR/Ey83A/VcmYVEXOqd0=
github.com/ahmdbnrsl/go-modules v1.0.1/go.mod h1:62oCYUgktIbofo3+DRZMeLtsLdaZ6nmHHFxzGE8UtV0=
github.com/ahmdbnrsl/go-modules/v2 v2.0.0 h1:Yxrlsfs/k1Xtr0X/UUWy3CzQ2tW9irFxAuHn6gGYROs=
github.com/ahmdbnrsl/go-modules/v2 v2.0.0/go.mod h1:KE0n8kCCSZgNbRmH+UZyC71Sm/7Qd89aQdXRHKgGC1c=
